<?xml version="1.0" encoding="utf-8"?>
<Project ToolsVersion="4.0" xmlns="http://schemas.microsoft.com/developer/msbuild/2003">
  <ItemGroup>
    <Filter Include="源文件">
      <UniqueIdentifier>{4FC737F1-C7A5-4376-A066-2A32D752A2FF}</UniqueIdentifier>
      <Extensions>cpp;c;cc;cxx;def;odl;idl;hpj;bat;asm;asmx</Extensions>
    </Filter>
    <Filter Include="头文件">
      <UniqueIdentifier>{93995380-89BD-4b04-88EB-625FBE52EBFB}</UniqueIdentifier>
      <Extensions>h;hpp;hxx;hm;inl;inc;xsd</Extensions>
    </Filter>
    <Filter Include="资源文件">
      <UniqueIdentifier>{67DA6AB6-F800-4c08-8B7A-83BB121AAD01}</UniqueIdentifier>
      <Extensions>rc;ico;cur;bmp;dlg;rc2;rct;bin;rgs;gif;jpg;jpeg;jpe;resx;tiff;tif;png;wav;mfcribbon-ms</Extensions>
    </Filter>
    <Filter Include="源文件\Interface">
      <UniqueIdentifier>{60ae4d33-c197-46b5-a02e-c70150c2ec03}</UniqueIdentifier>
    </Filter>
    <Filter Include="头文件\Interface">
      <UniqueIdentifier>{0f7e003c-86e1-4699-989b-b7087c801267}</UniqueIdentifier>
    </Filter>
  </ItemGroup>
  <ItemGroup>
    <ClCompile Include="CCTexture.cpp">
      <Filter>源文件</Filter>
    </ClCompile>
    <ClCompile Include="Helper.cpp">
      <Filter>源文件</Filter>
    </ClCompile>
    <ClCompile Include="CCSceneManager.cpp">
      <Filter>源文件</Filter>
    </ClCompile>
    <ClCompile Include="CCSceneBase.cpp">
      <Filter>源文件</Filter>
    </ClCompile>
    <ClCompile Include="SceneWelcome.cpp">
      <Filter>源文件</Filter>
    </ClCompile>
    <ClCompile Include="CCRender.cpp">
      <Filter>源文件</Filter>
    </ClCompile>
    <ClCompile Include="CCWinMain.cpp">
      <Filter>源文件</Filter>
    </ClCompile>
    <ClCompile Include="CCImage.cpp">
      <Filter>源文件</Filter>
    </ClCompile>
    <ClCompile Include="CCOGL.cpp">
      <Filter>源文件</Filter>
    </ClCompile>
    <ClCompile Include="CCEngine.cpp">
      <Filter>源文件</Filter>
    </ClCompile>
    <ClCompile Include="CCAudioManager.cpp">
      <Filter>源文件</Filter>
    </ClCompile>
    <ClCompile Include="CCVector3.cpp">
      <Filter>源文件</Filter>
    </ClCompile>
    <ClCompile Include="CCTimer.cpp">
      <Filter>源文件</Filter>
    </ClCompile>
    <ClCompile Include="CCEventManager.cpp">
      <Filter>源文件</Filter>
    </ClCompile>
  </ItemGroup>
  <ItemGroup>
    <ClInclude Include="CCTexture.h">
      <Filter>头文件</Filter>
    </ClInclude>
    <ClInclude Include="Helper.h">
      <Filter>头文件</Filter>
    </ClInclude>
    <ClInclude Include="CCSceneManager.h">
      <Filter>头文件</Filter>
    </ClInclude>
    <ClInclude Include="CCSceneBase.h">
      <Filter>头文件</Filter>
    </ClInclude>
    <ClInclude Include="SceneWelcome.h">
      <Filter>头文件</Filter>
    </ClInclude>
    <ClInclude Include="CCRender.h">
      <Filter>头文件</Filter>
    </ClInclude>
    <ClInclude Include="CCImage.h">
      <Filter>头文件</Filter>
    </ClInclude>
    <ClInclude Include="CCEngine.h">
      <Filter>头文件</Filter>
    </ClInclude>
    <ClInclude Include="CCOGL.h">
      <Filter>头文件</Filter>
    </ClInclude>
    <ClInclude Include="ShaderNormal.h">
      <Filter>头文件</Filter>
    </ClInclude>
    <ClInclude Include="CCAudioManager.h">
      <Filter>头文件</Filter>
    </ClInclude>
    <ClInclude Include="CCVector3.h">
      <Filter>头文件</Filter>
    </ClInclude>
    <ClInclude Include="CCTimer.h">
      <Filter>头文件</Filter>
    </ClInclude>
    <ClInclude Include="CCEventManager.h">
      <Filter>头文件</Filter>
    </ClInclude>
  </ItemGroup>
  <ItemGroup>
    <None Include="ShaderNormal.vsh" />
    <None Include="ShaderNormal.fsh" />
  </ItemGroup>
</Project>