<?xml version="1.0" encoding="utf-8"?>
<Project ToolsVersion="4.0" xmlns="http://schemas.microsoft.com/developer/msbuild/2003">
  <ItemGroup>
    <Filter Include="Audio">
      <UniqueIdentifier>{7a3e458c-5d75-41f2-8b12-fcf2d3900e8b}</UniqueIdentifier>
    </Filter>
    <Filter Include="Scene">
      <UniqueIdentifier>{b3d21d11-80ec-48f9-b53e-73ae1fb4b803}</UniqueIdentifier>
    </Filter>
    <Filter Include="NetWork">
      <UniqueIdentifier>{c793b1fc-dd5f-44e0-89a6-e06ee1431379}</UniqueIdentifier>
    </Filter>
    <Filter Include="NetWork\ODSocket">
      <UniqueIdentifier>{2aaa9228-f44a-4080-9220-c13829643d84}</UniqueIdentifier>
    </Filter>
    <Filter Include="Image">
      <UniqueIdentifier>{90bb121a-1aed-4edd-8123-37ccec50736c}</UniqueIdentifier>
    </Filter>
    <Filter Include="GLProgram">
      <UniqueIdentifier>{0d88bccf-282b-42f4-b186-1e55232c8335}</UniqueIdentifier>
    </Filter>
    <Filter Include="Texture2D">
      <UniqueIdentifier>{3b9e50b9-5220-46d5-8d1a-e6fe0e915c89}</UniqueIdentifier>
    </Filter>
    <Filter Include="Tools">
      <UniqueIdentifier>{4cd2b753-7115-4614-8ae4-b975bca72b0a}</UniqueIdentifier>
    </Filter>
    <Filter Include="Platform">
      <UniqueIdentifier>{447dc460-528a-4c2a-a95e-cc715d074848}</UniqueIdentifier>
    </Filter>
    <Filter Include="Platform\Windows">
      <UniqueIdentifier>{bb208602-2d8d-49b8-b6af-ba3cc8ad6a32}</UniqueIdentifier>
    </Filter>
    <Filter Include="Game2D_Main">
      <UniqueIdentifier>{359a5f85-8635-4c10-96bf-1f462de6b9f0}</UniqueIdentifier>
    </Filter>
  </ItemGroup>
  <ItemGroup>
    <ClCompile Include="NetWorkDispatch.cpp">
      <Filter>NetWork</Filter>
    </ClCompile>
    <ClCompile Include="Texture2D\Texture2D.cpp">
      <Filter>Texture2D</Filter>
    </ClCompile>
    <ClCompile Include="CCAudioManager.cpp">
      <Filter>Audio</Filter>
    </ClCompile>
    <ClCompile Include="CCSceneBase.cpp">
      <Filter>Scene</Filter>
    </ClCompile>
    <ClCompile Include="CCSceneManager.cpp">
      <Filter>Scene</Filter>
    </ClCompile>
    <ClCompile Include="SceneWelcome.cpp">
      <Filter>Scene</Filter>
    </ClCompile>
    <ClCompile Include="..\..\Libs\ODSocket\ODSocket.cpp">
      <Filter>NetWork\ODSocket</Filter>
    </ClCompile>
    <ClCompile Include="..\..\Libs\ODSocket\stdafx.cpp">
      <Filter>NetWork\ODSocket</Filter>
    </ClCompile>
    <ClCompile Include="CCImage.cpp">
      <Filter>Image</Filter>
    </ClCompile>
    <ClCompile Include="Helper.cpp">
      <Filter>Tools</Filter>
    </ClCompile>
    <ClCompile Include="WinMain.cpp">
      <Filter>Platform\Windows</Filter>
    </ClCompile>
    <ClCompile Include="Game2D.cpp">
      <Filter>Game2D_Main</Filter>
    </ClCompile>
  </ItemGroup>
  <ItemGroup>
    <ClInclude Include="..\..\Libs\ODSocket\ODSocket.h">
      <Filter>NetWork\ODSocket</Filter>
    </ClInclude>
    <ClInclude Include="..\..\Libs\ODSocket\stdafx.h">
      <Filter>NetWork\ODSocket</Filter>
    </ClInclude>
    <ClInclude Include="..\..\Libs\ODSocket\targetver.h">
      <Filter>NetWork\ODSocket</Filter>
    </ClInclude>
    <ClInclude Include="..\..\Libs\ODSocket\tchar.h">
      <Filter>NetWork\ODSocket</Filter>
    </ClInclude>
    <ClInclude Include="NetWorkDispatch.h">
      <Filter>NetWork</Filter>
    </ClInclude>
    <ClInclude Include="NetworkReceiver.h">
      <Filter>NetWork</Filter>
    </ClInclude>
    <ClInclude Include="GameMessage.h">
      <Filter>NetWork</Filter>
    </ClInclude>
    <ClInclude Include="shader\GLProgram.h">
      <Filter>GLProgram</Filter>
    </ClInclude>
    <ClInclude Include="shader\GLProgram_Texture.h">
      <Filter>GLProgram</Filter>
    </ClInclude>
    <ClInclude Include="Texture2D\Texture2D.h">
      <Filter>Texture2D</Filter>
    </ClInclude>
    <ClInclude Include="CCAudioManager.h">
      <Filter>Audio</Filter>
    </ClInclude>
    <ClInclude Include="CCSceneBase.h">
      <Filter>Scene</Filter>
    </ClInclude>
    <ClInclude Include="CCSceneManager.h">
      <Filter>Scene</Filter>
    </ClInclude>
    <ClInclude Include="SceneWelcome.h">
      <Filter>Scene</Filter>
    </ClInclude>
    <ClInclude Include="CCImage.h">
      <Filter>Image</Filter>
    </ClInclude>
    <ClInclude Include="Helper.h">
      <Filter>Tools</Filter>
    </ClInclude>
    <ClInclude Include="WinGame.h">
      <Filter>Platform\Windows</Filter>
    </ClInclude>
    <ClInclude Include="Game2D.h">
      <Filter>Game2D_Main</Filter>
    </ClInclude>
  </ItemGroup>
</Project>