
Microsoft Visual Studio Solution File, Format Version 12.00
# Visual Studio 2012
Project("{8BC9CEB8-8B4A-11D0-8D11-00A0C91BC942}") = "xGame", "xGame.vcxproj", "{29763FBA-1FE7-4A96-BA42-5A19728BE612}"
EndProject
Global
	GlobalSection(SolutionConfigurationPlatforms) = preSolution
		Debug|Win32 = Debug|Win32
		Release|Win32 = Release|Win32
	EndGlobalSection
	GlobalSection(ProjectConfigurationPlatforms) = postSolution
		{29763FBA-1FE7-4A96-BA42-5A19728BE612}.Debug|Win32.ActiveCfg = Debug|Win32
		{29763FBA-1FE7-4A96-BA42-5A19728BE612}.Debug|Win32.Build.0 = Debug|Win32
		{29763FBA-1FE7-4A96-BA42-5A19728BE612}.Release|Win32.ActiveCfg = Release|Win32
		{29763FBA-1FE7-4A96-BA42-5A19728BE612}.Release|Win32.Build.0 = Release|Win32
	EndGlobalSection
	GlobalSection(SolutionProperties) = preSolution
		HideSolutionNode = FALSE
	EndGlobalSection
EndGlobal
