<?xml version="1.0" encoding="utf-8"?>
<Project ToolsVersion="4.0" xmlns="http://schemas.microsoft.com/developer/msbuild/2003">
  <ItemGroup>
    <Filter Include="Image">
      <UniqueIdentifier>{90bb121a-1aed-4edd-8123-37ccec50736c}</UniqueIdentifier>
    </Filter>
    <Filter Include="GLProgram">
      <UniqueIdentifier>{0d88bccf-282b-42f4-b186-1e55232c8335}</UniqueIdentifier>
    </Filter>
    <Filter Include="Texture2D">
      <UniqueIdentifier>{3b9e50b9-5220-46d5-8d1a-e6fe0e915c89}</UniqueIdentifier>
    </Filter>
    <Filter Include="Tools">
      <UniqueIdentifier>{4cd2b753-7115-4614-8ae4-b975bca72b0a}</UniqueIdentifier>
    </Filter>
    <Filter Include="Platform">
      <UniqueIdentifier>{447dc460-528a-4c2a-a95e-cc715d074848}</UniqueIdentifier>
    </Filter>
    <Filter Include="Platform\Windows">
      <UniqueIdentifier>{bb208602-2d8d-49b8-b6af-ba3cc8ad6a32}</UniqueIdentifier>
    </Filter>
    <Filter Include="Game2D_Main">
      <UniqueIdentifier>{359a5f85-8635-4c10-96bf-1f462de6b9f0}</UniqueIdentifier>
    </Filter>
  </ItemGroup>
  <ItemGroup>
    <ClCompile Include="..\..\Src\Game2D_Main\Game2D.cpp">
      <Filter>Game2D_Main</Filter>
    </ClCompile>
    <ClCompile Include="..\..\Src\Image\Image.cpp">
      <Filter>Image</Filter>
    </ClCompile>
    <ClCompile Include="..\..\Src\Platform\Windows\WinMain.cpp">
      <Filter>Platform\Windows</Filter>
    </ClCompile>
    <ClCompile Include="..\..\Src\Texture2D\Texture2D.cpp">
      <Filter>Texture2D</Filter>
    </ClCompile>
    <ClCompile Include="..\..\Src\Tools\Helper.cpp">
      <Filter>Tools</Filter>
    </ClCompile>
  </ItemGroup>
  <ItemGroup>
    <ClInclude Include="..\..\Src\Game2D_Main\Game2D.h">
      <Filter>Game2D_Main</Filter>
    </ClInclude>
    <ClInclude Include="..\..\Src\GLProgram\GLProgram.h">
      <Filter>GLProgram</Filter>
    </ClInclude>
    <ClInclude Include="..\..\Src\GLProgram\GLProgram_Texture.h">
      <Filter>GLProgram</Filter>
    </ClInclude>
    <ClInclude Include="..\..\Src\Image\Image.h">
      <Filter>Image</Filter>
    </ClInclude>
    <ClInclude Include="..\..\Src\Platform\Windows\WinGame.h">
      <Filter>Platform\Windows</Filter>
    </ClInclude>
    <ClInclude Include="..\..\Src\Texture2D\Texture2D.h">
      <Filter>Texture2D</Filter>
    </ClInclude>
    <ClInclude Include="..\..\Src\Tools\Helper.h">
      <Filter>Tools</Filter>
    </ClInclude>
  </ItemGroup>
</Project>