<?xml version="1.0" encoding="utf-8"?>
<Project ToolsVersion="4.0" xmlns="http://schemas.microsoft.com/developer/msbuild/2003">
  <ItemGroup>
    <Filter Include="Image">
      <UniqueIdentifier>{90bb121a-1aed-4edd-8123-37ccec50736c}</UniqueIdentifier>
    </Filter>
    <Filter Include="GLProgram">
      <UniqueIdentifier>{0d88bccf-282b-42f4-b186-1e55232c8335}</UniqueIdentifier>
    </Filter>
    <Filter Include="Texture2D">
      <UniqueIdentifier>{3b9e50b9-5220-46d5-8d1a-e6fe0e915c89}</UniqueIdentifier>
    </Filter>
    <Filter Include="Tools">
      <UniqueIdentifier>{4cd2b753-7115-4614-8ae4-b975bca72b0a}</UniqueIdentifier>
    </Filter>
    <Filter Include="Platform">
      <UniqueIdentifier>{447dc460-528a-4c2a-a95e-cc715d074848}</UniqueIdentifier>
    </Filter>
    <Filter Include="Platform\Windows">
      <UniqueIdentifier>{bb208602-2d8d-49b8-b6af-ba3cc8ad6a32}</UniqueIdentifier>
    </Filter>
    <Filter Include="Lives2D_Main">
      <UniqueIdentifier>{359a5f85-8635-4c10-96bf-1f462de6b9f0}</UniqueIdentifier>
    </Filter>
    <Filter Include="GUI">
      <UniqueIdentifier>{944135db-5d93-4fac-a288-93f2e912e640}</UniqueIdentifier>
    </Filter>
    <Filter Include="KeyTouch">
      <UniqueIdentifier>{c917618c-4796-4071-ad42-db2579db601b}</UniqueIdentifier>
    </Filter>
    <Filter Include="Sample">
      <UniqueIdentifier>{e118393a-1914-4e58-8ac5-ac6a4a114006}</UniqueIdentifier>
    </Filter>
    <Filter Include="ImageAnimation">
      <UniqueIdentifier>{e91aabd2-6604-4bbe-b783-ce87e78f18e5}</UniqueIdentifier>
    </Filter>
  </ItemGroup>
  <ItemGroup>
    <ClCompile Include="..\..\Src\Image\Image.cpp">
      <Filter>Image</Filter>
    </ClCompile>
    <ClCompile Include="..\..\Src\Platform\Windows\WinMain.cpp">
      <Filter>Platform\Windows</Filter>
    </ClCompile>
    <ClCompile Include="..\..\Src\Texture2D\Texture2D.cpp">
      <Filter>Texture2D</Filter>
    </ClCompile>
    <ClCompile Include="..\..\Src\Tools\Helper.cpp">
      <Filter>Tools</Filter>
    </ClCompile>
    <ClCompile Include="..\..\Src\Lives2D_Main\Lives2D.cpp">
      <Filter>Lives2D_Main</Filter>
    </ClCompile>
    <ClCompile Include="..\..\Src\KeyTouch\KeyTouch.cpp">
      <Filter>KeyTouch</Filter>
    </ClCompile>
    <ClCompile Include="..\..\Src\ImageAnimation\ImageAnimation.cpp">
      <Filter>ImageAnimation</Filter>
    </ClCompile>
    <ClCompile Include="ImageAnimationClip.cpp" />
  </ItemGroup>
  <ItemGroup>
    <ClInclude Include="..\..\Src\GLProgram\GLProgram.h">
      <Filter>GLProgram</Filter>
    </ClInclude>
    <ClInclude Include="..\..\Src\GLProgram\GLProgram_Texture.h">
      <Filter>GLProgram</Filter>
    </ClInclude>
    <ClInclude Include="..\..\Src\Image\Image.h">
      <Filter>Image</Filter>
    </ClInclude>
    <ClInclude Include="..\..\Src\Platform\Windows\WinGame.h">
      <Filter>Platform\Windows</Filter>
    </ClInclude>
    <ClInclude Include="..\..\Src\Texture2D\Texture2D.h">
      <Filter>Texture2D</Filter>
    </ClInclude>
    <ClInclude Include="..\..\Src\Tools\Helper.h">
      <Filter>Tools</Filter>
    </ClInclude>
    <ClInclude Include="..\..\Src\Lives2D_Main\Lives2D.h">
      <Filter>Lives2D_Main</Filter>
    </ClInclude>
    <ClInclude Include="..\..\Src\KeyTouch\KeyTouch.h">
      <Filter>KeyTouch</Filter>
    </ClInclude>
    <ClInclude Include="..\..\Src\KeyTouch\KeyTouchListener.h">
      <Filter>KeyTouch</Filter>
    </ClInclude>
    <ClInclude Include="..\..\Src\Sample\DemoScene.h">
      <Filter>Sample</Filter>
    </ClInclude>
    <ClInclude Include="..\..\Src\KeyTouch\KeyCode.h">
      <Filter>KeyTouch</Filter>
    </ClInclude>
    <ClInclude Include="..\..\Src\ImageAnimation\ImageAnimation.h">
      <Filter>ImageAnimation</Filter>
    </ClInclude>
    <ClInclude Include="ImageAnimationClip.h" />
  </ItemGroup>
</Project>