<?xml version="1.0" encoding="utf-8"?>
<Project ToolsVersion="4.0" xmlns="http://schemas.microsoft.com/developer/msbuild/2003">
  <ItemGroup>
    <Filter Include="Image">
      <UniqueIdentifier>{90bb121a-1aed-4edd-8123-37ccec50736c}</UniqueIdentifier>
    </Filter>
    <Filter Include="GLProgram">
      <UniqueIdentifier>{0d88bccf-282b-42f4-b186-1e55232c8335}</UniqueIdentifier>
    </Filter>
    <Filter Include="Texture2D">
      <UniqueIdentifier>{3b9e50b9-5220-46d5-8d1a-e6fe0e915c89}</UniqueIdentifier>
    </Filter>
    <Filter Include="Tools">
      <UniqueIdentifier>{4cd2b753-7115-4614-8ae4-b975bca72b0a}</UniqueIdentifier>
    </Filter>
    <Filter Include="Platform">
      <UniqueIdentifier>{447dc460-528a-4c2a-a95e-cc715d074848}</UniqueIdentifier>
    </Filter>
    <Filter Include="Platform\Windows">
      <UniqueIdentifier>{bb208602-2d8d-49b8-b6af-ba3cc8ad6a32}</UniqueIdentifier>
    </Filter>
    <Filter Include="GUI">
      <UniqueIdentifier>{944135db-5d93-4fac-a288-93f2e912e640}</UniqueIdentifier>
    </Filter>
    <Filter Include="KeyTouch">
      <UniqueIdentifier>{c917618c-4796-4071-ad42-db2579db601b}</UniqueIdentifier>
    </Filter>
    <Filter Include="ImageAnimation">
      <UniqueIdentifier>{e91aabd2-6604-4bbe-b783-ce87e78f18e5}</UniqueIdentifier>
    </Filter>
    <Filter Include="Audio">
      <UniqueIdentifier>{54aeca78-7ff3-4b6e-9303-8d6b6afb2e1e}</UniqueIdentifier>
    </Filter>
    <Filter Include="LuaEngine">
      <UniqueIdentifier>{a125a9bb-bc47-4aa6-b077-87d8f2adb0a0}</UniqueIdentifier>
    </Filter>
    <Filter Include="Light">
      <UniqueIdentifier>{8b714e41-5107-45fb-ba04-9518cd631d2c}</UniqueIdentifier>
    </Filter>
  </ItemGroup>
  <ItemGroup>
    <ClCompile Include="..\..\Src\Image\Image.cpp">
      <Filter>Image</Filter>
    </ClCompile>
    <ClCompile Include="..\..\Src\Platform\Windows\WinMain.cpp">
      <Filter>Platform\Windows</Filter>
    </ClCompile>
    <ClCompile Include="..\..\Src\Texture2D\Texture2D.cpp">
      <Filter>Texture2D</Filter>
    </ClCompile>
    <ClCompile Include="..\..\Src\Tools\Helper.cpp">
      <Filter>Tools</Filter>
    </ClCompile>
    <ClCompile Include="..\..\Src\KeyTouch\KeyTouch.cpp">
      <Filter>KeyTouch</Filter>
    </ClCompile>
    <ClCompile Include="..\..\Src\ImageAnimation\ImageAnimation.cpp">
      <Filter>ImageAnimation</Filter>
    </ClCompile>
    <ClCompile Include="..\..\Src\ImageAnimation\ImageAnimationClip.cpp">
      <Filter>ImageAnimation</Filter>
    </ClCompile>
    <ClCompile Include="..\..\Src\GUI\UIButton.cpp">
      <Filter>GUI</Filter>
    </ClCompile>
    <ClCompile Include="..\..\Src\GUI\UIClickRect.cpp">
      <Filter>GUI</Filter>
    </ClCompile>
    <ClCompile Include="..\..\Src\GUI\UIRect.cpp">
      <Filter>GUI</Filter>
    </ClCompile>
    <ClCompile Include="..\..\Src\GUI\UIRoot.cpp">
      <Filter>GUI</Filter>
    </ClCompile>
    <ClCompile Include="..\..\Src\GUI\UIDrawRect.cpp">
      <Filter>GUI</Filter>
    </ClCompile>
    <ClCompile Include="..\..\Src\Audio\AudioSource.cpp">
      <Filter>Audio</Filter>
    </ClCompile>
    <ClCompile Include="..\..\Src\LuaEngine\BinaryPacker.cpp">
      <Filter>LuaEngine</Filter>
    </ClCompile>
    <ClCompile Include="..\..\Src\LuaEngine\lua_BinaryPacker.cpp">
      <Filter>LuaEngine</Filter>
    </ClCompile>
    <ClCompile Include="..\..\Src\LuaEngine\lua_NetworkClient.cpp">
      <Filter>LuaEngine</Filter>
    </ClCompile>
    <ClCompile Include="..\..\Src\LuaEngine\LuaEngine.cpp">
      <Filter>LuaEngine</Filter>
    </ClCompile>
    <ClCompile Include="..\..\Src\LuaEngine\main.cpp">
      <Filter>LuaEngine</Filter>
    </ClCompile>
    <ClCompile Include="..\..\Src\LuaEngine\NetworkClient.cpp">
      <Filter>LuaEngine</Filter>
    </ClCompile>
    <ClCompile Include="..\..\Src\LuaEngine\NetworkDispatch.cpp">
      <Filter>LuaEngine</Filter>
    </ClCompile>
    <ClCompile Include="..\..\Src\Audio\lua_AudioSource.cpp">
      <Filter>Audio</Filter>
    </ClCompile>
    <ClCompile Include="..\..\Src\GUI\lua_UIButton.cpp">
      <Filter>GUI</Filter>
    </ClCompile>
    <ClCompile Include="..\..\Src\KeyTouch\lua_KeyTouch.cpp">
      <Filter>KeyTouch</Filter>
    </ClCompile>
    <ClCompile Include="..\..\Src\Image\lua_Image.cpp">
      <Filter>Image</Filter>
    </ClCompile>
    <ClCompile Include="..\..\Src\GUI\lua_UIDrawRect.cpp">
      <Filter>GUI</Filter>
    </ClCompile>
    <ClCompile Include="..\..\Src\GUI\lua_UIRect.cpp">
      <Filter>GUI</Filter>
    </ClCompile>
    <ClCompile Include="..\..\Src\GUI\lua_UIRoot.cpp">
      <Filter>GUI</Filter>
    </ClCompile>
    <ClCompile Include="..\..\Src\GUI\lua_UIClickRect.cpp">
      <Filter>GUI</Filter>
    </ClCompile>
    <ClCompile Include="..\..\Src\KeyTouch\lua_KeyTouchListener.cpp">
      <Filter>KeyTouch</Filter>
    </ClCompile>
    <ClCompile Include="..\..\Src\ImageAnimation\lua_ImageAnimation.cpp">
      <Filter>ImageAnimation</Filter>
    </ClCompile>
    <ClCompile Include="..\..\Src\ImageAnimation\lua_ImageAnimationClip.cpp">
      <Filter>ImageAnimation</Filter>
    </ClCompile>
    <ClCompile Include="..\..\Src\Tools\lua_Application.cpp">
      <Filter>Tools</Filter>
    </ClCompile>
    <ClCompile Include="..\..\Src\GLProgram\GLProgram.cpp">
      <Filter>GLProgram</Filter>
    </ClCompile>
    <ClCompile Include="..\..\Src\GLProgram\GLProgram_Texture.cpp">
      <Filter>GLProgram</Filter>
    </ClCompile>
    <ClCompile Include="..\..\Src\KeyTouch\KeyTouchListener.cpp">
      <Filter>KeyTouch</Filter>
    </ClCompile>
    <ClCompile Include="..\..\Src\Tools\Application.cpp">
      <Filter>Tools</Filter>
    </ClCompile>
    <ClCompile Include="..\..\Src\KeyTouch\KeyCode.cpp">
      <Filter>KeyTouch</Filter>
    </ClCompile>
    <ClCompile Include="..\..\Src\GLProgram\GLProgram_Font.cpp">
      <Filter>GLProgram</Filter>
    </ClCompile>
    <ClCompile Include="..\..\Src\GUI\Font.cpp">
      <Filter>GUI</Filter>
    </ClCompile>
    <ClCompile Include="..\..\Src\GUI\UILabel.cpp">
      <Filter>GUI</Filter>
    </ClCompile>
    <ClCompile Include="..\..\Src\GUI\lua_UILabel.cpp">
      <Filter>GUI</Filter>
    </ClCompile>
    <ClCompile Include="..\..\Src\GUI\FontManager.cpp">
      <Filter>GUI</Filter>
    </ClCompile>
    <ClCompile Include="..\..\Src\GLProgram\GLProgram_Texture_ReceiveLightEffect.cpp">
      <Filter>GLProgram</Filter>
    </ClCompile>
    <ClCompile Include="..\..\Src\Light\Light.cpp">
      <Filter>Light</Filter>
    </ClCompile>
    <ClCompile Include="..\..\Src\Light\LightManager.cpp">
      <Filter>Light</Filter>
    </ClCompile>
  </ItemGroup>
  <ItemGroup>
    <ClInclude Include="..\..\Src\Image\Image.h">
      <Filter>Image</Filter>
    </ClInclude>
    <ClInclude Include="..\..\Src\Platform\Windows\WinGame.h">
      <Filter>Platform\Windows</Filter>
    </ClInclude>
    <ClInclude Include="..\..\Src\Texture2D\Texture2D.h">
      <Filter>Texture2D</Filter>
    </ClInclude>
    <ClInclude Include="..\..\Src\Tools\Helper.h">
      <Filter>Tools</Filter>
    </ClInclude>
    <ClInclude Include="..\..\Src\KeyTouch\KeyTouch.h">
      <Filter>KeyTouch</Filter>
    </ClInclude>
    <ClInclude Include="..\..\Src\KeyTouch\KeyTouchListener.h">
      <Filter>KeyTouch</Filter>
    </ClInclude>
    <ClInclude Include="..\..\Src\KeyTouch\KeyCode.h">
      <Filter>KeyTouch</Filter>
    </ClInclude>
    <ClInclude Include="..\..\Src\ImageAnimation\ImageAnimation.h">
      <Filter>ImageAnimation</Filter>
    </ClInclude>
    <ClInclude Include="..\..\Src\ImageAnimation\ImageAnimationClip.h">
      <Filter>ImageAnimation</Filter>
    </ClInclude>
    <ClInclude Include="..\..\Src\GUI\UIButton.h">
      <Filter>GUI</Filter>
    </ClInclude>
    <ClInclude Include="..\..\Src\GUI\UIClickRect.h">
      <Filter>GUI</Filter>
    </ClInclude>
    <ClInclude Include="..\..\Src\GUI\UIRect.h">
      <Filter>GUI</Filter>
    </ClInclude>
    <ClInclude Include="..\..\Src\GUI\UIRoot.h">
      <Filter>GUI</Filter>
    </ClInclude>
    <ClInclude Include="..\..\Src\GUI\UIDrawRect.h">
      <Filter>GUI</Filter>
    </ClInclude>
    <ClInclude Include="..\..\Src\Audio\AudioSource.h">
      <Filter>Audio</Filter>
    </ClInclude>
    <ClInclude Include="..\..\Src\LuaEngine\BinaryPacker.h">
      <Filter>LuaEngine</Filter>
    </ClInclude>
    <ClInclude Include="..\..\Src\LuaEngine\LuaEngine.h">
      <Filter>LuaEngine</Filter>
    </ClInclude>
    <ClInclude Include="..\..\Src\LuaEngine\NetworkClient.h">
      <Filter>LuaEngine</Filter>
    </ClInclude>
    <ClInclude Include="..\..\Src\LuaEngine\NetworkDispatch.h">
      <Filter>LuaEngine</Filter>
    </ClInclude>
    <ClInclude Include="..\..\Src\Tools\Application.h">
      <Filter>Tools</Filter>
    </ClInclude>
    <ClInclude Include="..\..\Src\GLProgram\GLProgram.h">
      <Filter>GLProgram</Filter>
    </ClInclude>
    <ClInclude Include="..\..\Src\GLProgram\GLProgram_Texture.h">
      <Filter>GLProgram</Filter>
    </ClInclude>
    <ClInclude Include="..\..\Src\Audio\AudioCard.cpp">
      <Filter>Audio</Filter>
    </ClInclude>
    <ClInclude Include="..\..\Src\GLProgram\GLProgram_Font.h">
      <Filter>GLProgram</Filter>
    </ClInclude>
    <ClInclude Include="..\..\Src\GUI\Font.h">
      <Filter>GUI</Filter>
    </ClInclude>
    <ClInclude Include="..\..\Src\GUI\UILabel.h">
      <Filter>GUI</Filter>
    </ClInclude>
    <ClInclude Include="..\..\Src\GUI\FontManager.h">
      <Filter>GUI</Filter>
    </ClInclude>
    <ClInclude Include="..\..\Src\GLProgram\GLProgram_Texture_ReceiveLightEffect.h">
      <Filter>GLProgram</Filter>
    </ClInclude>
    <ClInclude Include="..\..\Src\Light\Light.h">
      <Filter>Light</Filter>
    </ClInclude>
    <ClInclude Include="..\..\Src\Light\LightManager.h">
      <Filter>Light</Filter>
    </ClInclude>
  </ItemGroup>
  <ItemGroup>
    <None Include="..\..\Src\LuaEngine\BinaryPacker.pkg">
      <Filter>LuaEngine</Filter>
    </None>
    <None Include="..\..\Src\LuaEngine\NetworkClient.pkg">
      <Filter>LuaEngine</Filter>
    </None>
  </ItemGroup>
</Project>